
Microsoft Visual Studio Solution File, Format Version 12.00
# Visual Studio Version 17
VisualStudioVersion = 17.0.32014.148
MinimumVisualStudioVersion = 10.0.40219.1
Project("{FAE04EC0-301F-11D3-BF4B-00C04F79EFBC}") = "HttpServer", "HttpServer\HttpServer.csproj", "{9A548C3A-A86B-401C-A255-EC79B3CF339C}"
EndProject
Project("{FAE04EC0-301F-11D3-BF4B-00C04F79EFBC}") = "Client", "Client\Client.csproj", "{003938E9-67BD-463A-957C-B0FE82E7E4A1}"
EndProject
Global
	GlobalSection(SolutionConfigurationPlatforms) = preSolution
		Debug|Any CPU = Debug|Any CPU
		Release|Any CPU = Release|Any CPU
	EndGlobalSection
	GlobalSection(ProjectConfigurationPlatforms) = postSolution
		{9A548C3A-A86B-401C-A255-EC79B3CF339C}.Debug|Any CPU.ActiveCfg = Debug|Any CPU
		{9A548C3A-A86B-401C-A255-EC79B3CF339C}.Debug|Any CPU.Build.0 = Debug|Any CPU
		{9A548C3A-A86B-401C-A255-EC79B3CF339C}.Release|Any CPU.ActiveCfg = Release|Any CPU
		{9A548C3A-A86B-401C-A255-EC79B3CF339C}.Release|Any CPU.Build.0 = Release|Any CPU
		{003938E9-67BD-463A-957C-B0FE82E7E4A1}.Debug|Any CPU.ActiveCfg = Debug|Any CPU
		{003938E9-67BD-463A-957C-B0FE82E7E4A1}.Debug|Any CPU.Build.0 = Debug|Any CPU
		{003938E9-67BD-463A-957C-B0FE82E7E4A1}.Release|Any CPU.ActiveCfg = Release|Any CPU
		{003938E9-67BD-463A-957C-B0FE82E7E4A1}.Release|Any CPU.Build.0 = Release|Any CPU
	EndGlobalSection
	GlobalSection(SolutionProperties) = preSolution
		HideSolutionNode = FALSE
	EndGlobalSection
	GlobalSection(ExtensibilityGlobals) = postSolution
		SolutionGuid = {1F264604-7341-4763-909E-6F15C42E7CA6}
	EndGlobalSection
EndGlobal
